
Microsoft Visual Studio Solution File, Format Version 12.00
# Visual Studio 15
Project("{FAE04EC0-301F-11D3-BF4B-00C04F79EFBC}") = "UnityEngine.UI", "UnityEngine.UI.csproj", "{7641B94F-4FC2-D933-C5C0-D65B3B1C99E9}"
EndProject
Project("{FAE04EC0-301F-11D3-BF4B-00C04F79EFBC}") = "UnityEngine.TestRunner", "UnityEngine.TestRunner.csproj", "{424D95D6-03B0-E492-69AD-B1A9E019D8A8}"
EndProject
Project("{FAE04EC0-301F-11D3-BF4B-00C04F79EFBC}") = "Unity.VisualScripting.Flow", "Unity.VisualScripting.Flow.csproj", "{BD23005C-32AB-6324-7ECF-B79EAB8920BE}"
EndProject
Project("{FAE04EC0-301F-11D3-BF4B-00C04F79EFBC}") = "Unity.Mathematics", "Unity.Mathematics.csproj", "{16205138-F326-C19F-356F-4032977B8ACC}"
EndProject
Project("{FAE04EC0-301F-11D3-BF4B-00C04F79EFBC}") = "Unity.Services.Core.Telemetry", "Unity.Services.Core.Telemetry.csproj", "{D1320615-DA7A-6980-E208-EF3D8C82A748}"
EndProject
Project("{FAE04EC0-301F-11D3-BF4B-00C04F79EFBC}") = "Unity.InputSystem", "Unity.InputSystem.csproj", "{44C4101D-6F70-557E-8415-F0F9F9FFF722}"
EndProject
Project("{FAE04EC0-301F-11D3-BF4B-00C04F79EFBC}") = "Unity.VisualScripting.State", "Unity.VisualScripting.State.csproj", "{1FEDD7C8-52B6-9A24-5866-DABB2CDDB5B8}"
EndProject
Project("{FAE04EC0-301F-11D3-BF4B-00C04F79EFBC}") = "Unity.VisualScripting.Core", "Unity.VisualScripting.Core.csproj", "{B2545679-9CBB-E477-5968-03DD5459D31B}"
EndProject
Project("{FAE04EC0-301F-11D3-BF4B-00C04F79EFBC}") = "netdemic Assembly", "netdemic Assembly.csproj", "{5153A103-7CDA-78B9-279D-6A983A282D54}"
EndProject
Project("{FAE04EC0-301F-11D3-BF4B-00C04F79EFBC}") = "Unity.Services.Core.Environments.Internal", "Unity.Services.Core.Environments.Internal.csproj", "{6273D445-0923-D43C-90AF-3AF449C035E1}"
EndProject
Project("{FAE04EC0-301F-11D3-BF4B-00C04F79EFBC}") = "Unity.Burst", "Unity.Burst.csproj", "{68686BC7-0607-6658-AD7D-FE3FA006F159}"
EndProject
Project("{FAE04EC0-301F-11D3-BF4B-00C04F79EFBC}") = "Unity.2D.Animation.Runtime", "Unity.2D.Animation.Runtime.csproj", "{6C5873C4-8B6B-6E26-82F4-966392503614}"
EndProject
Project("{FAE04EC0-301F-11D3-BF4B-00C04F79EFBC}") = "Unity.TextMeshPro", "Unity.TextMeshPro.csproj", "{7E95AAF5-CEFA-BC93-B6A7-39BCF267B2D3}"
EndProject
Project("{FAE04EC0-301F-11D3-BF4B-00C04F79EFBC}") = "Unity.Timeline", "Unity.Timeline.csproj", "{B54823A7-14ED-33AF-18FA-4DAF17440CC0}"
EndProject
Project("{FAE04EC0-301F-11D3-BF4B-00C04F79EFBC}") = "Unity.Services.Core", "Unity.Services.Core.csproj", "{8F07ECC9-24F8-C3F9-1211-1B6CA93B0202}"
EndProject
Project("{FAE04EC0-301F-11D3-BF4B-00C04F79EFBC}") = "Assembly-CSharp", "Assembly-CSharp.csproj", "{ABEE9CAD-6F40-92FE-C2F5-499FB4F6D01C}"
EndProject
Project("{FAE04EC0-301F-11D3-BF4B-00C04F79EFBC}") = "Unity.Services.Core.Environments", "Unity.Services.Core.Environments.csproj", "{01D828E8-F5B9-EF72-9FC8-8896B3F47204}"
EndProject
Project("{FAE04EC0-301F-11D3-BF4B-00C04F79EFBC}") = "Unity.Services.Core.Internal", "Unity.Services.Core.Internal.csproj", "{CFA67A24-FA08-1A0D-288C-40C02DCF2366}"
EndProject
Project("{FAE04EC0-301F-11D3-BF4B-00C04F79EFBC}") = "Unity.Services.Core.Analytics", "Unity.Services.Core.Analytics.csproj", "{3D19F15D-42DE-64B4-7619-348BE532D92C}"
EndProject
Project("{FAE04EC0-301F-11D3-BF4B-00C04F79EFBC}") = "Unity.2D.SpriteShape.Runtime", "Unity.2D.SpriteShape.Runtime.csproj", "{7AC4D344-F186-1C9F-75C1-E7041EEA0AF8}"
EndProject
Project("{FAE04EC0-301F-11D3-BF4B-00C04F79EFBC}") = "Unity.Services.Core.Scheduler", "Unity.Services.Core.Scheduler.csproj", "{14C9FFC3-C58E-7F30-94AB-139EBE07C12E}"
EndProject
Project("{FAE04EC0-301F-11D3-BF4B-00C04F79EFBC}") = "Unity.Services.Core.Registration", "Unity.Services.Core.Registration.csproj", "{0D8267F2-0878-4C1D-FC9D-02CD70FA6728}"
EndProject
Project("{FAE04EC0-301F-11D3-BF4B-00C04F79EFBC}") = "Unity.2D.PixelPerfect", "Unity.2D.PixelPerfect.csproj", "{1FFA8882-92EC-4B67-E406-D78976186ACB}"
EndProject
Project("{FAE04EC0-301F-11D3-BF4B-00C04F79EFBC}") = "Unity.2D.Common.Runtime", "Unity.2D.Common.Runtime.csproj", "{D2F15B2C-C15F-52C2-4C3E-BAF1C7E6F02D}"
EndProject
Project("{FAE04EC0-301F-11D3-BF4B-00C04F79EFBC}") = "Unity.2D.IK.Runtime", "Unity.2D.IK.Runtime.csproj", "{21D014E7-05A4-0263-4C97-CEE3215940F7}"
EndProject
Project("{FAE04EC0-301F-11D3-BF4B-00C04F79EFBC}") = "Unity.Services.Core.Device", "Unity.Services.Core.Device.csproj", "{F07EAB20-D00E-B1F7-C3F3-321D371E0594}"
EndProject
Project("{FAE04EC0-301F-11D3-BF4B-00C04F79EFBC}") = "Unity.Services.Core.Threading", "Unity.Services.Core.Threading.csproj", "{8FDC70A4-77EF-E4C0-696C-8ED93DFC2707}"
EndProject
Project("{FAE04EC0-301F-11D3-BF4B-00C04F79EFBC}") = "Unity.2D.Tilemap.Extras", "Unity.2D.Tilemap.Extras.csproj", "{9554D60C-4737-AAF7-EA0F-A85661F902C1}"
EndProject
Project("{FAE04EC0-301F-11D3-BF4B-00C04F79EFBC}") = "Unity.Services.Core.Networking", "Unity.Services.Core.Networking.csproj", "{53ADD432-E346-BB06-48CC-DE1A9FA0F9B7}"
EndProject
Project("{FAE04EC0-301F-11D3-BF4B-00C04F79EFBC}") = "Unity.InternalAPIEngineBridge.001", "Unity.InternalAPIEngineBridge.001.csproj", "{A99031ED-6382-9EA3-D42C-B53F10809215}"
EndProject
Project("{FAE04EC0-301F-11D3-BF4B-00C04F79EFBC}") = "Unity.Services.Core.Configuration", "Unity.Services.Core.Configuration.csproj", "{F5394407-208E-0D8A-07F9-86BA5E2E91B0}"
EndProject
Project("{FAE04EC0-301F-11D3-BF4B-00C04F79EFBC}") = "Unity.PlasticSCM.Editor", "Unity.PlasticSCM.Editor.csproj", "{47093DB9-4AE2-87CF-6BB6-108B95066A76}"
EndProject
Project("{FAE04EC0-301F-11D3-BF4B-00C04F79EFBC}") = "Unity.VisualScripting.Core.Editor", "Unity.VisualScripting.Core.Editor.csproj", "{827B1216-9CD7-EC87-88D1-AB59B16CB71F}"
EndProject
Project("{FAE04EC0-301F-11D3-BF4B-00C04F79EFBC}") = "Unity.VisualScripting.Flow.Editor", "Unity.VisualScripting.Flow.Editor.csproj", "{CEB8E62D-911E-AB37-5577-7F8B68BA943E}"
EndProject
Project("{FAE04EC0-301F-11D3-BF4B-00C04F79EFBC}") = "Unity.VisualStudio.Editor", "Unity.VisualStudio.Editor.csproj", "{24207F31-5A52-1381-074D-ED64C21BB16D}"
EndProject
Project("{FAE04EC0-301F-11D3-BF4B-00C04F79EFBC}") = "Unity.Timeline.Editor", "Unity.Timeline.Editor.csproj", "{10407059-D819-F538-96ED-2CFC9DBBC7AD}"
EndProject
Project("{FAE04EC0-301F-11D3-BF4B-00C04F79EFBC}") = "Unity.VisualScripting.State.Editor", "Unity.VisualScripting.State.Editor.csproj", "{F279E8BD-67CA-1D3E-BE4E-E5CECEB33873}"
EndProject
Project("{FAE04EC0-301F-11D3-BF4B-00C04F79EFBC}") = "Unity.TextMeshPro.Editor", "Unity.TextMeshPro.Editor.csproj", "{D723FA0C-AD87-B035-18E7-64B4AB0838FC}"
EndProject
Project("{FAE04EC0-301F-11D3-BF4B-00C04F79EFBC}") = "Unity.2D.Animation.Editor", "Unity.2D.Animation.Editor.csproj", "{8F5586F4-51D1-ED01-E2A2-F14D4BBCB63A}"
EndProject
Project("{FAE04EC0-301F-11D3-BF4B-00C04F79EFBC}") = "Unity.VisualScripting.SettingsProvider.Editor", "Unity.VisualScripting.SettingsProvider.Editor.csproj", "{50488B78-2FD2-DD97-C319-AB6A6E9E6EEE}"
EndProject
Project("{FAE04EC0-301F-11D3-BF4B-00C04F79EFBC}") = "Unity.CollabProxy.Editor", "Unity.CollabProxy.Editor.csproj", "{B623ADC1-1D98-2AEC-B90A-897AFA5339F2}"
EndProject
Project("{FAE04EC0-301F-11D3-BF4B-00C04F79EFBC}") = "UnityEditor.TestRunner", "UnityEditor.TestRunner.csproj", "{A91D2CB7-65EE-85AD-C3C4-79ACC49807D8}"
EndProject
Project("{FAE04EC0-301F-11D3-BF4B-00C04F79EFBC}") = "Unity.2D.Tilemap.Editor", "Unity.2D.Tilemap.Editor.csproj", "{971FC646-2CDC-7AF9-0C3A-5BA8DC7F9C58}"
EndProject
Project("{FAE04EC0-301F-11D3-BF4B-00C04F79EFBC}") = "Unity.Services.Core.Editor", "Unity.Services.Core.Editor.csproj", "{9265EFDD-9C71-7E2D-9659-504BD7B3842B}"
EndProject
Project("{FAE04EC0-301F-11D3-BF4B-00C04F79EFBC}") = "Unity.Rider.Editor", "Unity.Rider.Editor.csproj", "{458F7F0A-B60C-8180-84A5-4ECCE65FA5CC}"
EndProject
Project("{FAE04EC0-301F-11D3-BF4B-00C04F79EFBC}") = "Unity.2D.Path.Editor", "Unity.2D.Path.Editor.csproj", "{30AF00D4-62DC-3841-AFD2-05F1C11D31AC}"
EndProject
Project("{FAE04EC0-301F-11D3-BF4B-00C04F79EFBC}") = "PsdPlugin", "PsdPlugin.csproj", "{FFE95EEF-056C-17E4-04A8-1DB588B92B73}"
EndProject
Project("{FAE04EC0-301F-11D3-BF4B-00C04F79EFBC}") = "Unity.2D.IK.Editor", "Unity.2D.IK.Editor.csproj", "{E4D12B11-FF8D-58E2-470B-BE5F7431F285}"
EndProject
Project("{FAE04EC0-301F-11D3-BF4B-00C04F79EFBC}") = "Unity.2D.Psdimporter.Editor", "Unity.2D.Psdimporter.Editor.csproj", "{56A5ACAD-3566-87AA-30D9-1C4D4BBF3A07}"
EndProject
Project("{FAE04EC0-301F-11D3-BF4B-00C04F79EFBC}") = "Unity.2D.SpriteShape.Editor", "Unity.2D.SpriteShape.Editor.csproj", "{2D07C3F3-12F7-3D4F-31BB-C1D5B2C2CB84}"
EndProject
Project("{FAE04EC0-301F-11D3-BF4B-00C04F79EFBC}") = "Unity.Burst.CodeGen", "Unity.Burst.CodeGen.csproj", "{86330B27-A847-CAD5-D7F1-E49DFD1918BD}"
EndProject
Project("{FAE04EC0-301F-11D3-BF4B-00C04F79EFBC}") = "Unity.2D.PixelPerfect.Editor", "Unity.2D.PixelPerfect.Editor.csproj", "{CFF290B1-B654-3086-4776-9D67018EDAD0}"
EndProject
Project("{FAE04EC0-301F-11D3-BF4B-00C04F79EFBC}") = "Unity.VSCode.Editor", "Unity.VSCode.Editor.csproj", "{E35F7064-6E00-C3E8-A41D-ACDE4BE34808}"
EndProject
Project("{FAE04EC0-301F-11D3-BF4B-00C04F79EFBC}") = "Unity.2D.Sprite.Editor", "Unity.2D.Sprite.Editor.csproj", "{553663D2-D95F-2D53-DF29-A75E37F6E79D}"
EndProject
Project("{FAE04EC0-301F-11D3-BF4B-00C04F79EFBC}") = "UnityEditor.UI", "UnityEditor.UI.csproj", "{EF211728-8796-8957-6811-8D82A990F13E}"
EndProject
Project("{FAE04EC0-301F-11D3-BF4B-00C04F79EFBC}") = "Unity.2D.Common.Editor", "Unity.2D.Common.Editor.csproj", "{95EAE77B-7422-57C2-E6BD-E2276A117BE0}"
EndProject
Project("{FAE04EC0-301F-11D3-BF4B-00C04F79EFBC}") = "Unity.Mathematics.Editor", "Unity.Mathematics.Editor.csproj", "{C1469CBD-C851-9B68-9A35-143782155755}"
EndProject
Project("{FAE04EC0-301F-11D3-BF4B-00C04F79EFBC}") = "Unity.Services.Core.Configuration.Editor", "Unity.Services.Core.Configuration.Editor.csproj", "{0B138B17-4D27-596E-408A-BDFBD952B8A7}"
EndProject
Project("{FAE04EC0-301F-11D3-BF4B-00C04F79EFBC}") = "Unity.2D.Tilemap.Extras.Editor", "Unity.2D.Tilemap.Extras.Editor.csproj", "{F2679221-83D4-5F90-61ED-E52804687361}"
EndProject
Project("{FAE04EC0-301F-11D3-BF4B-00C04F79EFBC}") = "Unity.Burst.Editor", "Unity.Burst.Editor.csproj", "{570343C4-85D9-83A4-4245-D0B5BBC47994}"
EndProject
Project("{FAE04EC0-301F-11D3-BF4B-00C04F79EFBC}") = "Unity.InternalAPIEditorBridge.001", "Unity.InternalAPIEditorBridge.001.csproj", "{7837AE77-60F3-D7F6-778E-5DE7C14BCBDB}"
EndProject
Project("{FAE04EC0-301F-11D3-BF4B-00C04F79EFBC}") = "Unity.VisualScripting.Shared.Editor", "Unity.VisualScripting.Shared.Editor.csproj", "{9E370592-AF04-BFE3-6F33-734078D70806}"
EndProject
Project("{FAE04EC0-301F-11D3-BF4B-00C04F79EFBC}") = "Tests", "Tests.csproj", "{7C09F1A7-8AFD-8C08-C7D1-65DD6A623D43}"
EndProject
Global
	GlobalSection(SolutionConfigurationPlatforms) = preSolution
		Debug|Any CPU = Debug|Any CPU
		Release|Any CPU = Release|Any CPU
	EndGlobalSection
	GlobalSection(ProjectConfigurationPlatforms) = postSolution
		{7641B94F-4FC2-D933-C5C0-D65B3B1C99E9}.Debug|Any CPU.ActiveCfg = Debug|Any CPU
		{7641B94F-4FC2-D933-C5C0-D65B3B1C99E9}.Debug|Any CPU.Build.0 = Debug|Any CPU
		{7641B94F-4FC2-D933-C5C0-D65B3B1C99E9}.Release|Any CPU.ActiveCfg = Release|Any CPU
		{7641B94F-4FC2-D933-C5C0-D65B3B1C99E9}.Release|Any CPU.Build.0 = Release|Any CPU
		{424D95D6-03B0-E492-69AD-B1A9E019D8A8}.Debug|Any CPU.ActiveCfg = Debug|Any CPU
		{424D95D6-03B0-E492-69AD-B1A9E019D8A8}.Debug|Any CPU.Build.0 = Debug|Any CPU
		{424D95D6-03B0-E492-69AD-B1A9E019D8A8}.Release|Any CPU.ActiveCfg = Release|Any CPU
		{424D95D6-03B0-E492-69AD-B1A9E019D8A8}.Release|Any CPU.Build.0 = Release|Any CPU
		{BD23005C-32AB-6324-7ECF-B79EAB8920BE}.Debug|Any CPU.ActiveCfg = Debug|Any CPU
		{BD23005C-32AB-6324-7ECF-B79EAB8920BE}.Debug|Any CPU.Build.0 = Debug|Any CPU
		{BD23005C-32AB-6324-7ECF-B79EAB8920BE}.Release|Any CPU.ActiveCfg = Release|Any CPU
		{BD23005C-32AB-6324-7ECF-B79EAB8920BE}.Release|Any CPU.Build.0 = Release|Any CPU
		{16205138-F326-C19F-356F-4032977B8ACC}.Debug|Any CPU.ActiveCfg = Debug|Any CPU
		{16205138-F326-C19F-356F-4032977B8ACC}.Debug|Any CPU.Build.0 = Debug|Any CPU
		{16205138-F326-C19F-356F-4032977B8ACC}.Release|Any CPU.ActiveCfg = Release|Any CPU
		{16205138-F326-C19F-356F-4032977B8ACC}.Release|Any CPU.Build.0 = Release|Any CPU
		{D1320615-DA7A-6980-E208-EF3D8C82A748}.Debug|Any CPU.ActiveCfg = Debug|Any CPU
		{D1320615-DA7A-6980-E208-EF3D8C82A748}.Debug|Any CPU.Build.0 = Debug|Any CPU
		{D1320615-DA7A-6980-E208-EF3D8C82A748}.Release|Any CPU.ActiveCfg = Release|Any CPU
		{D1320615-DA7A-6980-E208-EF3D8C82A748}.Release|Any CPU.Build.0 = Release|Any CPU
		{44C4101D-6F70-557E-8415-F0F9F9FFF722}.Debug|Any CPU.ActiveCfg = Debug|Any CPU
		{44C4101D-6F70-557E-8415-F0F9F9FFF722}.Debug|Any CPU.Build.0 = Debug|Any CPU
		{44C4101D-6F70-557E-8415-F0F9F9FFF722}.Release|Any CPU.ActiveCfg = Release|Any CPU
		{44C4101D-6F70-557E-8415-F0F9F9FFF722}.Release|Any CPU.Build.0 = Release|Any CPU
		{1FEDD7C8-52B6-9A24-5866-DABB2CDDB5B8}.Debug|Any CPU.ActiveCfg = Debug|Any CPU
		{1FEDD7C8-52B6-9A24-5866-DABB2CDDB5B8}.Debug|Any CPU.Build.0 = Debug|Any CPU
		{1FEDD7C8-52B6-9A24-5866-DABB2CDDB5B8}.Release|Any CPU.ActiveCfg = Release|Any CPU
		{1FEDD7C8-52B6-9A24-5866-DABB2CDDB5B8}.Release|Any CPU.Build.0 = Release|Any CPU
		{B2545679-9CBB-E477-5968-03DD5459D31B}.Debug|Any CPU.ActiveCfg = Debug|Any CPU
		{B2545679-9CBB-E477-5968-03DD5459D31B}.Debug|Any CPU.Build.0 = Debug|Any CPU
		{B2545679-9CBB-E477-5968-03DD5459D31B}.Release|Any CPU.ActiveCfg = Release|Any CPU
		{B2545679-9CBB-E477-5968-03DD5459D31B}.Release|Any CPU.Build.0 = Release|Any CPU
		{5153A103-7CDA-78B9-279D-6A983A282D54}.Debug|Any CPU.ActiveCfg = Debug|Any CPU
		{5153A103-7CDA-78B9-279D-6A983A282D54}.Debug|Any CPU.Build.0 = Debug|Any CPU
		{5153A103-7CDA-78B9-279D-6A983A282D54}.Release|Any CPU.ActiveCfg = Release|Any CPU
		{5153A103-7CDA-78B9-279D-6A983A282D54}.Release|Any CPU.Build.0 = Release|Any CPU
		{6273D445-0923-D43C-90AF-3AF449C035E1}.Debug|Any CPU.ActiveCfg = Debug|Any CPU
		{6273D445-0923-D43C-90AF-3AF449C035E1}.Debug|Any CPU.Build.0 = Debug|Any CPU
		{6273D445-0923-D43C-90AF-3AF449C035E1}.Release|Any CPU.ActiveCfg = Release|Any CPU
		{6273D445-0923-D43C-90AF-3AF449C035E1}.Release|Any CPU.Build.0 = Release|Any CPU
		{68686BC7-0607-6658-AD7D-FE3FA006F159}.Debug|Any CPU.ActiveCfg = Debug|Any CPU
		{68686BC7-0607-6658-AD7D-FE3FA006F159}.Debug|Any CPU.Build.0 = Debug|Any CPU
		{68686BC7-0607-6658-AD7D-FE3FA006F159}.Release|Any CPU.ActiveCfg = Release|Any CPU
		{68686BC7-0607-6658-AD7D-FE3FA006F159}.Release|Any CPU.Build.0 = Release|Any CPU
		{6C5873C4-8B6B-6E26-82F4-966392503614}.Debug|Any CPU.ActiveCfg = Debug|Any CPU
		{6C5873C4-8B6B-6E26-82F4-966392503614}.Debug|Any CPU.Build.0 = Debug|Any CPU
		{6C5873C4-8B6B-6E26-82F4-966392503614}.Release|Any CPU.ActiveCfg = Release|Any CPU
		{6C5873C4-8B6B-6E26-82F4-966392503614}.Release|Any CPU.Build.0 = Release|Any CPU
		{7E95AAF5-CEFA-BC93-B6A7-39BCF267B2D3}.Debug|Any CPU.ActiveCfg = Debug|Any CPU
		{7E95AAF5-CEFA-BC93-B6A7-39BCF267B2D3}.Debug|Any CPU.Build.0 = Debug|Any CPU
		{7E95AAF5-CEFA-BC93-B6A7-39BCF267B2D3}.Release|Any CPU.ActiveCfg = Release|Any CPU
		{7E95AAF5-CEFA-BC93-B6A7-39BCF267B2D3}.Release|Any CPU.Build.0 = Release|Any CPU
		{B54823A7-14ED-33AF-18FA-4DAF17440CC0}.Debug|Any CPU.ActiveCfg = Debug|Any CPU
		{B54823A7-14ED-33AF-18FA-4DAF17440CC0}.Debug|Any CPU.Build.0 = Debug|Any CPU
		{B54823A7-14ED-33AF-18FA-4DAF17440CC0}.Release|Any CPU.ActiveCfg = Release|Any CPU
		{B54823A7-14ED-33AF-18FA-4DAF17440CC0}.Release|Any CPU.Build.0 = Release|Any CPU
		{8F07ECC9-24F8-C3F9-1211-1B6CA93B0202}.Debug|Any CPU.ActiveCfg = Debug|Any CPU
		{8F07ECC9-24F8-C3F9-1211-1B6CA93B0202}.Debug|Any CPU.Build.0 = Debug|Any CPU
		{8F07ECC9-24F8-C3F9-1211-1B6CA93B0202}.Release|Any CPU.ActiveCfg = Release|Any CPU
		{8F07ECC9-24F8-C3F9-1211-1B6CA93B0202}.Release|Any CPU.Build.0 = Release|Any CPU
		{ABEE9CAD-6F40-92FE-C2F5-499FB4F6D01C}.Debug|Any CPU.ActiveCfg = Debug|Any CPU
		{ABEE9CAD-6F40-92FE-C2F5-499FB4F6D01C}.Debug|Any CPU.Build.0 = Debug|Any CPU
		{ABEE9CAD-6F40-92FE-C2F5-499FB4F6D01C}.Release|Any CPU.ActiveCfg = Release|Any CPU
		{ABEE9CAD-6F40-92FE-C2F5-499FB4F6D01C}.Release|Any CPU.Build.0 = Release|Any CPU
		{01D828E8-F5B9-EF72-9FC8-8896B3F47204}.Debug|Any CPU.ActiveCfg = Debug|Any CPU
		{01D828E8-F5B9-EF72-9FC8-8896B3F47204}.Debug|Any CPU.Build.0 = Debug|Any CPU
		{01D828E8-F5B9-EF72-9FC8-8896B3F47204}.Release|Any CPU.ActiveCfg = Release|Any CPU
		{01D828E8-F5B9-EF72-9FC8-8896B3F47204}.Release|Any CPU.Build.0 = Release|Any CPU
		{CFA67A24-FA08-1A0D-288C-40C02DCF2366}.Debug|Any CPU.ActiveCfg = Debug|Any CPU
		{CFA67A24-FA08-1A0D-288C-40C02DCF2366}.Debug|Any CPU.Build.0 = Debug|Any CPU
		{CFA67A24-FA08-1A0D-288C-40C02DCF2366}.Release|Any CPU.ActiveCfg = Release|Any CPU
		{CFA67A24-FA08-1A0D-288C-40C02DCF2366}.Release|Any CPU.Build.0 = Release|Any CPU
		{3D19F15D-42DE-64B4-7619-348BE532D92C}.Debug|Any CPU.ActiveCfg = Debug|Any CPU
		{3D19F15D-42DE-64B4-7619-348BE532D92C}.Debug|Any CPU.Build.0 = Debug|Any CPU
		{3D19F15D-42DE-64B4-7619-348BE532D92C}.Release|Any CPU.ActiveCfg = Release|Any CPU
		{3D19F15D-42DE-64B4-7619-348BE532D92C}.Release|Any CPU.Build.0 = Release|Any CPU
		{7AC4D344-F186-1C9F-75C1-E7041EEA0AF8}.Debug|Any CPU.ActiveCfg = Debug|Any CPU
		{7AC4D344-F186-1C9F-75C1-E7041EEA0AF8}.Debug|Any CPU.Build.0 = Debug|Any CPU
		{7AC4D344-F186-1C9F-75C1-E7041EEA0AF8}.Release|Any CPU.ActiveCfg = Release|Any CPU
		{7AC4D344-F186-1C9F-75C1-E7041EEA0AF8}.Release|Any CPU.Build.0 = Release|Any CPU
		{14C9FFC3-C58E-7F30-94AB-139EBE07C12E}.Debug|Any CPU.ActiveCfg = Debug|Any CPU
		{14C9FFC3-C58E-7F30-94AB-139EBE07C12E}.Debug|Any CPU.Build.0 = Debug|Any CPU
		{14C9FFC3-C58E-7F30-94AB-139EBE07C12E}.Release|Any CPU.ActiveCfg = Release|Any CPU
		{14C9FFC3-C58E-7F30-94AB-139EBE07C12E}.Release|Any CPU.Build.0 = Release|Any CPU
		{0D8267F2-0878-4C1D-FC9D-02CD70FA6728}.Debug|Any CPU.ActiveCfg = Debug|Any CPU
		{0D8267F2-0878-4C1D-FC9D-02CD70FA6728}.Debug|Any CPU.Build.0 = Debug|Any CPU
		{0D8267F2-0878-4C1D-FC9D-02CD70FA6728}.Release|Any CPU.ActiveCfg = Release|Any CPU
		{0D8267F2-0878-4C1D-FC9D-02CD70FA6728}.Release|Any CPU.Build.0 = Release|Any CPU
		{1FFA8882-92EC-4B67-E406-D78976186ACB}.Debug|Any CPU.ActiveCfg = Debug|Any CPU
		{1FFA8882-92EC-4B67-E406-D78976186ACB}.Debug|Any CPU.Build.0 = Debug|Any CPU
		{1FFA8882-92EC-4B67-E406-D78976186ACB}.Release|Any CPU.ActiveCfg = Release|Any CPU
		{1FFA8882-92EC-4B67-E406-D78976186ACB}.Release|Any CPU.Build.0 = Release|Any CPU
		{D2F15B2C-C15F-52C2-4C3E-BAF1C7E6F02D}.Debug|Any CPU.ActiveCfg = Debug|Any CPU
		{D2F15B2C-C15F-52C2-4C3E-BAF1C7E6F02D}.Debug|Any CPU.Build.0 = Debug|Any CPU
		{D2F15B2C-C15F-52C2-4C3E-BAF1C7E6F02D}.Release|Any CPU.ActiveCfg = Release|Any CPU
		{D2F15B2C-C15F-52C2-4C3E-BAF1C7E6F02D}.Release|Any CPU.Build.0 = Release|Any CPU
		{21D014E7-05A4-0263-4C97-CEE3215940F7}.Debug|Any CPU.ActiveCfg = Debug|Any CPU
		{21D014E7-05A4-0263-4C97-CEE3215940F7}.Debug|Any CPU.Build.0 = Debug|Any CPU
		{21D014E7-05A4-0263-4C97-CEE3215940F7}.Release|Any CPU.ActiveCfg = Release|Any CPU
		{21D014E7-05A4-0263-4C97-CEE3215940F7}.Release|Any CPU.Build.0 = Release|Any CPU
		{F07EAB20-D00E-B1F7-C3F3-321D371E0594}.Debug|Any CPU.ActiveCfg = Debug|Any CPU
		{F07EAB20-D00E-B1F7-C3F3-321D371E0594}.Debug|Any CPU.Build.0 = Debug|Any CPU
		{F07EAB20-D00E-B1F7-C3F3-321D371E0594}.Release|Any CPU.ActiveCfg = Release|Any CPU
		{F07EAB20-D00E-B1F7-C3F3-321D371E0594}.Release|Any CPU.Build.0 = Release|Any CPU
		{8FDC70A4-77EF-E4C0-696C-8ED93DFC2707}.Debug|Any CPU.ActiveCfg = Debug|Any CPU
		{8FDC70A4-77EF-E4C0-696C-8ED93DFC2707}.Debug|Any CPU.Build.0 = Debug|Any CPU
		{8FDC70A4-77EF-E4C0-696C-8ED93DFC2707}.Release|Any CPU.ActiveCfg = Release|Any CPU
		{8FDC70A4-77EF-E4C0-696C-8ED93DFC2707}.Release|Any CPU.Build.0 = Release|Any CPU
		{9554D60C-4737-AAF7-EA0F-A85661F902C1}.Debug|Any CPU.ActiveCfg = Debug|Any CPU
		{9554D60C-4737-AAF7-EA0F-A85661F902C1}.Debug|Any CPU.Build.0 = Debug|Any CPU
		{9554D60C-4737-AAF7-EA0F-A85661F902C1}.Release|Any CPU.ActiveCfg = Release|Any CPU
		{9554D60C-4737-AAF7-EA0F-A85661F902C1}.Release|Any CPU.Build.0 = Release|Any CPU
		{53ADD432-E346-BB06-48CC-DE1A9FA0F9B7}.Debug|Any CPU.ActiveCfg = Debug|Any CPU
		{53ADD432-E346-BB06-48CC-DE1A9FA0F9B7}.Debug|Any CPU.Build.0 = Debug|Any CPU
		{53ADD432-E346-BB06-48CC-DE1A9FA0F9B7}.Release|Any CPU.ActiveCfg = Release|Any CPU
		{53ADD432-E346-BB06-48CC-DE1A9FA0F9B7}.Release|Any CPU.Build.0 = Release|Any CPU
		{A99031ED-6382-9EA3-D42C-B53F10809215}.Debug|Any CPU.ActiveCfg = Debug|Any CPU
		{A99031ED-6382-9EA3-D42C-B53F10809215}.Debug|Any CPU.Build.0 = Debug|Any CPU
		{A99031ED-6382-9EA3-D42C-B53F10809215}.Release|Any CPU.ActiveCfg = Release|Any CPU
		{A99031ED-6382-9EA3-D42C-B53F10809215}.Release|Any CPU.Build.0 = Release|Any CPU
		{F5394407-208E-0D8A-07F9-86BA5E2E91B0}.Debug|Any CPU.ActiveCfg = Debug|Any CPU
		{F5394407-208E-0D8A-07F9-86BA5E2E91B0}.Debug|Any CPU.Build.0 = Debug|Any CPU
		{F5394407-208E-0D8A-07F9-86BA5E2E91B0}.Release|Any CPU.ActiveCfg = Release|Any CPU
		{F5394407-208E-0D8A-07F9-86BA5E2E91B0}.Release|Any CPU.Build.0 = Release|Any CPU
		{47093DB9-4AE2-87CF-6BB6-108B95066A76}.Debug|Any CPU.ActiveCfg = Debug|Any CPU
		{47093DB9-4AE2-87CF-6BB6-108B95066A76}.Debug|Any CPU.Build.0 = Debug|Any CPU
		{47093DB9-4AE2-87CF-6BB6-108B95066A76}.Release|Any CPU.ActiveCfg = Release|Any CPU
		{47093DB9-4AE2-87CF-6BB6-108B95066A76}.Release|Any CPU.Build.0 = Release|Any CPU
		{827B1216-9CD7-EC87-88D1-AB59B16CB71F}.Debug|Any CPU.ActiveCfg = Debug|Any CPU
		{827B1216-9CD7-EC87-88D1-AB59B16CB71F}.Debug|Any CPU.Build.0 = Debug|Any CPU
		{827B1216-9CD7-EC87-88D1-AB59B16CB71F}.Release|Any CPU.ActiveCfg = Release|Any CPU
		{827B1216-9CD7-EC87-88D1-AB59B16CB71F}.Release|Any CPU.Build.0 = Release|Any CPU
		{CEB8E62D-911E-AB37-5577-7F8B68BA943E}.Debug|Any CPU.ActiveCfg = Debug|Any CPU
		{CEB8E62D-911E-AB37-5577-7F8B68BA943E}.Debug|Any CPU.Build.0 = Debug|Any CPU
		{CEB8E62D-911E-AB37-5577-7F8B68BA943E}.Release|Any CPU.ActiveCfg = Release|Any CPU
		{CEB8E62D-911E-AB37-5577-7F8B68BA943E}.Release|Any CPU.Build.0 = Release|Any CPU
		{24207F31-5A52-1381-074D-ED64C21BB16D}.Debug|Any CPU.ActiveCfg = Debug|Any CPU
		{24207F31-5A52-1381-074D-ED64C21BB16D}.Debug|Any CPU.Build.0 = Debug|Any CPU
		{24207F31-5A52-1381-074D-ED64C21BB16D}.Release|Any CPU.ActiveCfg = Release|Any CPU
		{24207F31-5A52-1381-074D-ED64C21BB16D}.Release|Any CPU.Build.0 = Release|Any CPU
		{10407059-D819-F538-96ED-2CFC9DBBC7AD}.Debug|Any CPU.ActiveCfg = Debug|Any CPU
		{10407059-D819-F538-96ED-2CFC9DBBC7AD}.Debug|Any CPU.Build.0 = Debug|Any CPU
		{10407059-D819-F538-96ED-2CFC9DBBC7AD}.Release|Any CPU.ActiveCfg = Release|Any CPU
		{10407059-D819-F538-96ED-2CFC9DBBC7AD}.Release|Any CPU.Build.0 = Release|Any CPU
		{F279E8BD-67CA-1D3E-BE4E-E5CECEB33873}.Debug|Any CPU.ActiveCfg = Debug|Any CPU
		{F279E8BD-67CA-1D3E-BE4E-E5CECEB33873}.Debug|Any CPU.Build.0 = Debug|Any CPU
		{F279E8BD-67CA-1D3E-BE4E-E5CECEB33873}.Release|Any CPU.ActiveCfg = Release|Any CPU
		{F279E8BD-67CA-1D3E-BE4E-E5CECEB33873}.Release|Any CPU.Build.0 = Release|Any CPU
		{D723FA0C-AD87-B035-18E7-64B4AB0838FC}.Debug|Any CPU.ActiveCfg = Debug|Any CPU
		{D723FA0C-AD87-B035-18E7-64B4AB0838FC}.Debug|Any CPU.Build.0 = Debug|Any CPU
		{D723FA0C-AD87-B035-18E7-64B4AB0838FC}.Release|Any CPU.ActiveCfg = Release|Any CPU
		{D723FA0C-AD87-B035-18E7-64B4AB0838FC}.Release|Any CPU.Build.0 = Release|Any CPU
		{8F5586F4-51D1-ED01-E2A2-F14D4BBCB63A}.Debug|Any CPU.ActiveCfg = Debug|Any CPU
		{8F5586F4-51D1-ED01-E2A2-F14D4BBCB63A}.Debug|Any CPU.Build.0 = Debug|Any CPU
		{8F5586F4-51D1-ED01-E2A2-F14D4BBCB63A}.Release|Any CPU.ActiveCfg = Release|Any CPU
		{8F5586F4-51D1-ED01-E2A2-F14D4BBCB63A}.Release|Any CPU.Build.0 = Release|Any CPU
		{50488B78-2FD2-DD97-C319-AB6A6E9E6EEE}.Debug|Any CPU.ActiveCfg = Debug|Any CPU
		{50488B78-2FD2-DD97-C319-AB6A6E9E6EEE}.Debug|Any CPU.Build.0 = Debug|Any CPU
		{50488B78-2FD2-DD97-C319-AB6A6E9E6EEE}.Release|Any CPU.ActiveCfg = Release|Any CPU
		{50488B78-2FD2-DD97-C319-AB6A6E9E6EEE}.Release|Any CPU.Build.0 = Release|Any CPU
		{B623ADC1-1D98-2AEC-B90A-897AFA5339F2}.Debug|Any CPU.ActiveCfg = Debug|Any CPU
		{B623ADC1-1D98-2AEC-B90A-897AFA5339F2}.Debug|Any CPU.Build.0 = Debug|Any CPU
		{B623ADC1-1D98-2AEC-B90A-897AFA5339F2}.Release|Any CPU.ActiveCfg = Release|Any CPU
		{B623ADC1-1D98-2AEC-B90A-897AFA5339F2}.Release|Any CPU.Build.0 = Release|Any CPU
		{A91D2CB7-65EE-85AD-C3C4-79ACC49807D8}.Debug|Any CPU.ActiveCfg = Debug|Any CPU
		{A91D2CB7-65EE-85AD-C3C4-79ACC49807D8}.Debug|Any CPU.Build.0 = Debug|Any CPU
		{A91D2CB7-65EE-85AD-C3C4-79ACC49807D8}.Release|Any CPU.ActiveCfg = Release|Any CPU
		{A91D2CB7-65EE-85AD-C3C4-79ACC49807D8}.Release|Any CPU.Build.0 = Release|Any CPU
		{971FC646-2CDC-7AF9-0C3A-5BA8DC7F9C58}.Debug|Any CPU.ActiveCfg = Debug|Any CPU
		{971FC646-2CDC-7AF9-0C3A-5BA8DC7F9C58}.Debug|Any CPU.Build.0 = Debug|Any CPU
		{971FC646-2CDC-7AF9-0C3A-5BA8DC7F9C58}.Release|Any CPU.ActiveCfg = Release|Any CPU
		{971FC646-2CDC-7AF9-0C3A-5BA8DC7F9C58}.Release|Any CPU.Build.0 = Release|Any CPU
		{9265EFDD-9C71-7E2D-9659-504BD7B3842B}.Debug|Any CPU.ActiveCfg = Debug|Any CPU
		{9265EFDD-9C71-7E2D-9659-504BD7B3842B}.Debug|Any CPU.Build.0 = Debug|Any CPU
		{9265EFDD-9C71-7E2D-9659-504BD7B3842B}.Release|Any CPU.ActiveCfg = Release|Any CPU
		{9265EFDD-9C71-7E2D-9659-504BD7B3842B}.Release|Any CPU.Build.0 = Release|Any CPU
		{458F7F0A-B60C-8180-84A5-4ECCE65FA5CC}.Debug|Any CPU.ActiveCfg = Debug|Any CPU
		{458F7F0A-B60C-8180-84A5-4ECCE65FA5CC}.Debug|Any CPU.Build.0 = Debug|Any CPU
		{458F7F0A-B60C-8180-84A5-4ECCE65FA5CC}.Release|Any CPU.ActiveCfg = Release|Any CPU
		{458F7F0A-B60C-8180-84A5-4ECCE65FA5CC}.Release|Any CPU.Build.0 = Release|Any CPU
		{30AF00D4-62DC-3841-AFD2-05F1C11D31AC}.Debug|Any CPU.ActiveCfg = Debug|Any CPU
		{30AF00D4-62DC-3841-AFD2-05F1C11D31AC}.Debug|Any CPU.Build.0 = Debug|Any CPU
		{30AF00D4-62DC-3841-AFD2-05F1C11D31AC}.Release|Any CPU.ActiveCfg = Release|Any CPU
		{30AF00D4-62DC-3841-AFD2-05F1C11D31AC}.Release|Any CPU.Build.0 = Release|Any CPU
		{FFE95EEF-056C-17E4-04A8-1DB588B92B73}.Debug|Any CPU.ActiveCfg = Debug|Any CPU
		{FFE95EEF-056C-17E4-04A8-1DB588B92B73}.Debug|Any CPU.Build.0 = Debug|Any CPU
		{FFE95EEF-056C-17E4-04A8-1DB588B92B73}.Release|Any CPU.ActiveCfg = Release|Any CPU
		{FFE95EEF-056C-17E4-04A8-1DB588B92B73}.Release|Any CPU.Build.0 = Release|Any CPU
		{E4D12B11-FF8D-58E2-470B-BE5F7431F285}.Debug|Any CPU.ActiveCfg = Debug|Any CPU
		{E4D12B11-FF8D-58E2-470B-BE5F7431F285}.Debug|Any CPU.Build.0 = Debug|Any CPU
		{E4D12B11-FF8D-58E2-470B-BE5F7431F285}.Release|Any CPU.ActiveCfg = Release|Any CPU
		{E4D12B11-FF8D-58E2-470B-BE5F7431F285}.Release|Any CPU.Build.0 = Release|Any CPU
		{56A5ACAD-3566-87AA-30D9-1C4D4BBF3A07}.Debug|Any CPU.ActiveCfg = Debug|Any CPU
		{56A5ACAD-3566-87AA-30D9-1C4D4BBF3A07}.Debug|Any CPU.Build.0 = Debug|Any CPU
		{56A5ACAD-3566-87AA-30D9-1C4D4BBF3A07}.Release|Any CPU.ActiveCfg = Release|Any CPU
		{56A5ACAD-3566-87AA-30D9-1C4D4BBF3A07}.Release|Any CPU.Build.0 = Release|Any CPU
		{2D07C3F3-12F7-3D4F-31BB-C1D5B2C2CB84}.Debug|Any CPU.ActiveCfg = Debug|Any CPU
		{2D07C3F3-12F7-3D4F-31BB-C1D5B2C2CB84}.Debug|Any CPU.Build.0 = Debug|Any CPU
		{2D07C3F3-12F7-3D4F-31BB-C1D5B2C2CB84}.Release|Any CPU.ActiveCfg = Release|Any CPU
		{2D07C3F3-12F7-3D4F-31BB-C1D5B2C2CB84}.Release|Any CPU.Build.0 = Release|Any CPU
		{86330B27-A847-CAD5-D7F1-E49DFD1918BD}.Debug|Any CPU.ActiveCfg = Debug|Any CPU
		{86330B27-A847-CAD5-D7F1-E49DFD1918BD}.Debug|Any CPU.Build.0 = Debug|Any CPU
		{86330B27-A847-CAD5-D7F1-E49DFD1918BD}.Release|Any CPU.ActiveCfg = Release|Any CPU
		{86330B27-A847-CAD5-D7F1-E49DFD1918BD}.Release|Any CPU.Build.0 = Release|Any CPU
		{CFF290B1-B654-3086-4776-9D67018EDAD0}.Debug|Any CPU.ActiveCfg = Debug|Any CPU
		{CFF290B1-B654-3086-4776-9D67018EDAD0}.Debug|Any CPU.Build.0 = Debug|Any CPU
		{CFF290B1-B654-3086-4776-9D67018EDAD0}.Release|Any CPU.ActiveCfg = Release|Any CPU
		{CFF290B1-B654-3086-4776-9D67018EDAD0}.Release|Any CPU.Build.0 = Release|Any CPU
		{E35F7064-6E00-C3E8-A41D-ACDE4BE34808}.Debug|Any CPU.ActiveCfg = Debug|Any CPU
		{E35F7064-6E00-C3E8-A41D-ACDE4BE34808}.Debug|Any CPU.Build.0 = Debug|Any CPU
		{E35F7064-6E00-C3E8-A41D-ACDE4BE34808}.Release|Any CPU.ActiveCfg = Release|Any CPU
		{E35F7064-6E00-C3E8-A41D-ACDE4BE34808}.Release|Any CPU.Build.0 = Release|Any CPU
		{553663D2-D95F-2D53-DF29-A75E37F6E79D}.Debug|Any CPU.ActiveCfg = Debug|Any CPU
		{553663D2-D95F-2D53-DF29-A75E37F6E79D}.Debug|Any CPU.Build.0 = Debug|Any CPU
		{553663D2-D95F-2D53-DF29-A75E37F6E79D}.Release|Any CPU.ActiveCfg = Release|Any CPU
		{553663D2-D95F-2D53-DF29-A75E37F6E79D}.Release|Any CPU.Build.0 = Release|Any CPU
		{EF211728-8796-8957-6811-8D82A990F13E}.Debug|Any CPU.ActiveCfg = Debug|Any CPU
		{EF211728-8796-8957-6811-8D82A990F13E}.Debug|Any CPU.Build.0 = Debug|Any CPU
		{EF211728-8796-8957-6811-8D82A990F13E}.Release|Any CPU.ActiveCfg = Release|Any CPU
		{EF211728-8796-8957-6811-8D82A990F13E}.Release|Any CPU.Build.0 = Release|Any CPU
		{95EAE77B-7422-57C2-E6BD-E2276A117BE0}.Debug|Any CPU.ActiveCfg = Debug|Any CPU
		{95EAE77B-7422-57C2-E6BD-E2276A117BE0}.Debug|Any CPU.Build.0 = Debug|Any CPU
		{95EAE77B-7422-57C2-E6BD-E2276A117BE0}.Release|Any CPU.ActiveCfg = Release|Any CPU
		{95EAE77B-7422-57C2-E6BD-E2276A117BE0}.Release|Any CPU.Build.0 = Release|Any CPU
		{C1469CBD-C851-9B68-9A35-143782155755}.Debug|Any CPU.ActiveCfg = Debug|Any CPU
		{C1469CBD-C851-9B68-9A35-143782155755}.Debug|Any CPU.Build.0 = Debug|Any CPU
		{C1469CBD-C851-9B68-9A35-143782155755}.Release|Any CPU.ActiveCfg = Release|Any CPU
		{C1469CBD-C851-9B68-9A35-143782155755}.Release|Any CPU.Build.0 = Release|Any CPU
		{0B138B17-4D27-596E-408A-BDFBD952B8A7}.Debug|Any CPU.ActiveCfg = Debug|Any CPU
		{0B138B17-4D27-596E-408A-BDFBD952B8A7}.Debug|Any CPU.Build.0 = Debug|Any CPU
		{0B138B17-4D27-596E-408A-BDFBD952B8A7}.Release|Any CPU.ActiveCfg = Release|Any CPU
		{0B138B17-4D27-596E-408A-BDFBD952B8A7}.Release|Any CPU.Build.0 = Release|Any CPU
		{F2679221-83D4-5F90-61ED-E52804687361}.Debug|Any CPU.ActiveCfg = Debug|Any CPU
		{F2679221-83D4-5F90-61ED-E52804687361}.Debug|Any CPU.Build.0 = Debug|Any CPU
		{F2679221-83D4-5F90-61ED-E52804687361}.Release|Any CPU.ActiveCfg = Release|Any CPU
		{F2679221-83D4-5F90-61ED-E52804687361}.Release|Any CPU.Build.0 = Release|Any CPU
		{570343C4-85D9-83A4-4245-D0B5BBC47994}.Debug|Any CPU.ActiveCfg = Debug|Any CPU
		{570343C4-85D9-83A4-4245-D0B5BBC47994}.Debug|Any CPU.Build.0 = Debug|Any CPU
		{570343C4-85D9-83A4-4245-D0B5BBC47994}.Release|Any CPU.ActiveCfg = Release|Any CPU
		{570343C4-85D9-83A4-4245-D0B5BBC47994}.Release|Any CPU.Build.0 = Release|Any CPU
		{7837AE77-60F3-D7F6-778E-5DE7C14BCBDB}.Debug|Any CPU.ActiveCfg = Debug|Any CPU
		{7837AE77-60F3-D7F6-778E-5DE7C14BCBDB}.Debug|Any CPU.Build.0 = Debug|Any CPU
		{7837AE77-60F3-D7F6-778E-5DE7C14BCBDB}.Release|Any CPU.ActiveCfg = Release|Any CPU
		{7837AE77-60F3-D7F6-778E-5DE7C14BCBDB}.Release|Any CPU.Build.0 = Release|Any CPU
		{9E370592-AF04-BFE3-6F33-734078D70806}.Debug|Any CPU.ActiveCfg = Debug|Any CPU
		{9E370592-AF04-BFE3-6F33-734078D70806}.Debug|Any CPU.Build.0 = Debug|Any CPU
		{9E370592-AF04-BFE3-6F33-734078D70806}.Release|Any CPU.ActiveCfg = Release|Any CPU
		{9E370592-AF04-BFE3-6F33-734078D70806}.Release|Any CPU.Build.0 = Release|Any CPU
		{7C09F1A7-8AFD-8C08-C7D1-65DD6A623D43}.Debug|Any CPU.ActiveCfg = Debug|Any CPU
		{7C09F1A7-8AFD-8C08-C7D1-65DD6A623D43}.Debug|Any CPU.Build.0 = Debug|Any CPU
		{7C09F1A7-8AFD-8C08-C7D1-65DD6A623D43}.Release|Any CPU.ActiveCfg = Release|Any CPU
		{7C09F1A7-8AFD-8C08-C7D1-65DD6A623D43}.Release|Any CPU.Build.0 = Release|Any CPU
	EndGlobalSection
	GlobalSection(SolutionProperties) = preSolution
		HideSolutionNode = FALSE
	EndGlobalSection
EndGlobal
